
Microsoft Visual Studio Solution File, Format Version 12.00
# Visual Studio 15
VisualStudioVersion = 15.0.27703.2047
MinimumVisualStudioVersion = 10.0.40219.1
Project("{FAE04EC0-301F-11D3-BF4B-00C04F79EFBC}") = "FIEK_ENC_R", "FIEK_ENC_R\FIEK_ENC_R.csproj", "{994D0F90-5D32-4070-8A5B-DD888C2790FD}"
EndProject
Global
	GlobalSection(SolutionConfigurationPlatforms) = preSolution
		Debug|Any CPU = Debug|Any CPU
		Release|Any CPU = Release|Any CPU
	EndGlobalSection
	GlobalSection(ProjectConfigurationPlatforms) = postSolution
		{994D0F90-5D32-4070-8A5B-DD888C2790FD}.Debug|Any CPU.ActiveCfg = Debug|Any CPU
		{994D0F90-5D32-4070-8A5B-DD888C2790FD}.Debug|Any CPU.Build.0 = Debug|Any CPU
		{994D0F90-5D32-4070-8A5B-DD888C2790FD}.Release|Any CPU.ActiveCfg = Release|Any CPU
		{994D0F90-5D32-4070-8A5B-DD888C2790FD}.Release|Any CPU.Build.0 = Release|Any CPU
	EndGlobalSection
	GlobalSection(SolutionProperties) = preSolution
		HideSolutionNode = FALSE
	EndGlobalSection
	GlobalSection(ExtensibilityGlobals) = postSolution
		SolutionGuid = {581E918A-D0BA-4182-B0D8-17E3D3779A8E}
	EndGlobalSection
EndGlobal
